PODS:
  - epson_epos_printer (0.0.1):
    - Flutter
  - Flutter (1.0.0)

DEPENDENCIES:
  - epson_epos_printer (from `.symlinks/plugins/epson_epos_printer/ios`)
  - Flutter (from `Flutter`)

EXTERNAL SOURCES:
  epson_epos_printer:
    :path: ".symlinks/plugins/epson_epos_printer/ios"
  Flutter:
    :path: Flutter

SPEC CHECKSUMS:
  epson_epos_printer: 1c1f22e461dc8fcf50630c1279fcf998696c3432
  Flutter: f04841e97a9d0b0a8025694d0796dd46242b2854

PODFILE CHECKSUM: ef19549a9bc3046e7bb7d2fab4d021637c0c58a3

COCOAPODS: 1.11.3
